
Microsoft Visual Studio Solution File, Format Version 12.00
# Visual Studio Version 16
VisualStudioVersion = 16.0.30413.136
MinimumVisualStudioVersion = 10.0.40219.1
Project("{FAE04EC0-301F-11D3-BF4B-00C04F79EFBC}") = "Deneme", "Deneme\Deneme.csproj", "{4C5ECB57-913C-4047-8E1C-8E4FDF5DC586}"
EndProject
Global
	GlobalSection(SolutionConfigurationPlatforms) = preSolution
		Debug|Any CPU = Debug|Any CPU
		Release|Any CPU = Release|Any CPU
	EndGlobalSection
	GlobalSection(ProjectConfigurationPlatforms) = postSolution
		{4C5ECB57-913C-4047-8E1C-8E4FDF5DC586}.Debug|Any CPU.ActiveCfg = Debug|Any CPU
		{4C5ECB57-913C-4047-8E1C-8E4FDF5DC586}.Debug|Any CPU.Build.0 = Debug|Any CPU
		{4C5ECB57-913C-4047-8E1C-8E4FDF5DC586}.Release|Any CPU.ActiveCfg = Release|Any CPU
		{4C5ECB57-913C-4047-8E1C-8E4FDF5DC586}.Release|Any CPU.Build.0 = Release|Any CPU
	EndGlobalSection
	GlobalSection(SolutionProperties) = preSolution
		HideSolutionNode = FALSE
	EndGlobalSection
	GlobalSection(ExtensibilityGlobals) = postSolution
		SolutionGuid = {A53F1818-1FD1-4FFD-8B02-F5539E5976C6}
	EndGlobalSection
EndGlobal
